// !$*UTF8*$!
{
	archiveVersion = 1;
	classes = {
	};
	objectVersion = 50;
	objects = {

/* Begin PBXBuildFile section */
		D68F330EBB7652B913151379 /* Pods_DoIt.framework in Frameworks */ = {isa = PBXBuildFile; fileRef = 6D63062E378F613C670C85EF /* Pods_DoIt.framework */; };
		DC11F39720E2C45800D26DCB /* CategoryViewController.swift in Sources */ = {isa = PBXBuildFile; fileRef = DC11F39620E2C45800D26DCB /* CategoryViewController.swift */; };
		DCBC33B520EB96650048B662 /* Category.swift in Sources */ = {isa = PBXBuildFile; fileRef = DCBC33B420EB96650048B662 /* Category.swift */; };
		DCBEACAF20DAA09A00B77962 /* AppDelegate.swift in Sources */ = {isa = PBXBuildFile; fileRef = DCBEACAE20DAA09A00B77962 /* AppDelegate.swift */; };
		DCBEACB120DAA09A00B77962 /* ToDoListViewController.swift in Sources */ = {isa = PBXBuildFile; fileRef = DCBEACB020DAA09A00B77962 /* ToDoListViewController.swift */; };
		DCBEACB420DAA09A00B77962 /* Main.storyboard in Resources */ = {isa = PBXBuildFile; fileRef = DCBEACB220DAA09A00B77962 /* Main.storyboard */; };
		DCBEACB620DAA09B00B77962 /* Assets.xcassets in Resources */ = {isa = PBXBuildFile; fileRef = DCBEACB520DAA09B00B77962 /* Assets.xcassets */; };
		DCBEACB920DAA09B00B77962 /* LaunchScreen.storyboard in Resources */ = {isa = PBXBuildFile; fileRef = DCBEACB720DAA09B00B77962 /* LaunchScreen.storyboard */; };
		DCCB6E7E20EB95AB00E3EB9A /* Item.swift in Sources */ = {isa = PBXBuildFile; fileRef = DCCB6E7D20EB95AB00E3EB9A /* Item.swift */; };
/* End PBXBuildFile section */

/* Begin PBXFileReference section */
		6D63062E378F613C670C85EF /* Pods_DoIt.framework */ = {isa = PBXFileReference; explicitFileType = wrapper.framework; includeInIndex = 0; path = Pods_DoIt.framework; sourceTree = BUILT_PRODUCTS_DIR; };
		CA09C27C4AFE6DA579721F8E /* Pods-DoIt.debug.xcconfig */ = {isa = PBXFileReference; includeInIndex = 1; lastKnownFileType = text.xcconfig; name = "Pods-DoIt.debug.xcconfig"; path = "Pods/Target Support Files/Pods-DoIt/Pods-DoIt.debug.xcconfig"; sourceTree = "<group>"; };
		DC11F39620E2C45800D26DCB /* CategoryViewController.swift */ = {isa = PBXFileReference; lastKnownFileType = sourcecode.swift; path = CategoryViewController.swift; sourceTree = "<group>"; };
		DCBC33B420EB96650048B662 /* Category.swift */ = {isa = PBXFileReference; lastKnownFileType = sourcecode.swift; path = Category.swift; sourceTree = "<group>"; };
		DCBEACAB20DAA09A00B77962 /* DoIt.app */ = {isa = PBXFileReference; explicitFileType = wrapper.application; includeInIndex = 0; path = DoIt.app; sourceTree = BUILT_PRODUCTS_DIR; };
		DCBEACAE20DAA09A00B77962 /* AppDelegate.swift */ = {isa = PBXFileReference; lastKnownFileType = sourcecode.swift; path = AppDelegate.swift; sourceTree = "<group>"; };
		DCBEACB020DAA09A00B77962 /* ToDoListViewController.swift */ = {isa = PBXFileReference; lastKnownFileType = sourcecode.swift; path = ToDoListViewController.swift; sourceTree = "<group>"; };
		DCBEACB320DAA09A00B77962 /* Base */ = {isa = PBXFileReference; lastKnownFileType = file.storyboard; name = Base; path = Base.lproj/Main.storyboard; sourceTree = "<group>"; };
		DCBEACB520DAA09B00B77962 /* Assets.xcassets */ = {isa = PBXFileReference; lastKnownFileType = folder.assetcatalog; path = Assets.xcassets; sourceTree = "<group>"; };
		DCBEACB820DAA09B00B77962 /* Base */ = {isa = PBXFileReference; lastKnownFileType = file.storyboard; name = Base; path = Base.lproj/LaunchScreen.storyboard; sourceTree = "<group>"; };
		DCBEACBA20DAA09B00B77962 /* Info.plist */ = {isa = PBXFileReference; lastKnownFileType = text.plist.xml; path = Info.plist; sourceTree = "<group>"; };
		DCCB6E7D20EB95AB00E3EB9A /* Item.swift */ = {isa = PBXFileReference; lastKnownFileType = sourcecode.swift; path = Item.swift; sourceTree = "<group>"; };
		EE1E6A8A2A6EFD82AC3C77EE /* Pods-DoIt.release.xcconfig */ = {isa = PBXFileReference; includeInIndex = 1; lastKnownFileType = text.xcconfig; name = "Pods-DoIt.release.xcconfig"; path = "Pods/Target Support Files/Pods-DoIt/Pods-DoIt.release.xcconfig"; sourceTree = "<group>"; };
/* End PBXFileReference section */

/* Begin PBXFrameworksBuildPhase section */
		DCBEACA820DAA09A00B77962 /* Frameworks */ = {
			isa = PBXFrameworksBuildPhase;
			buildActionMask = 2147483647;
			files = (
				D68F330EBB7652B913151379 /* Pods_DoIt.framework in Frameworks */,
			);
			runOnlyForDeploymentPostprocessing = 0;
		};
/* End PBXFrameworksBuildPhase section */

/* Begin PBXGroup section */
		01E5ABF1F03FD66B6C71963F /* Frameworks */ = {
			isa = PBXGroup;
			children = (
				6D63062E378F613C670C85EF /* Pods_DoIt.framework */,
			);
			name = Frameworks;
			sourceTree = "<group>";
		};
		CC44955E8F0F26E44EC0E4A4 /* Pods */ = {
			isa = PBXGroup;
			children = (
				CA09C27C4AFE6DA579721F8E /* Pods-DoIt.debug.xcconfig */,
				EE1E6A8A2A6EFD82AC3C77EE /* Pods-DoIt.release.xcconfig */,
			);
			name = Pods;
			sourceTree = "<group>";
		};
		DC0E281020DE890B00DC3DD9 /* Controller */ = {
			isa = PBXGroup;
			children = (
				DC11F39620E2C45800D26DCB /* CategoryViewController.swift */,
				DCBEACB020DAA09A00B77962 /* ToDoListViewController.swift */,
			);
			path = Controller;
			sourceTree = "<group>";
		};
		DC0E281120DE891200DC3DD9 /* View */ = {
			isa = PBXGroup;
			children = (
				DCBEACB220DAA09A00B77962 /* Main.storyboard */,
			);
			path = View;
			sourceTree = "<group>";
		};
		DC0E281220DE891500DC3DD9 /* Model */ = {
			isa = PBXGroup;
			children = (
				DCBC33B420EB96650048B662 /* Category.swift */,
				DCCB6E7D20EB95AB00E3EB9A /* Item.swift */,
			);
			path = Model;
			sourceTree = "<group>";
		};
		DC0E281520DE89CC00DC3DD9 /* Supporting Files */ = {
			isa = PBXGroup;
			children = (
				DCBEACB520DAA09B00B77962 /* Assets.xcassets */,
				DCBEACB720DAA09B00B77962 /* LaunchScreen.storyboard */,
			);
			path = "Supporting Files";
			sourceTree = "<group>";
		};
		DCBEACA220DAA09A00B77962 = {
			isa = PBXGroup;
			children = (
				DCBEACAD20DAA09A00B77962 /* DoIt */,
				DCBEACAC20DAA09A00B77962 /* Products */,
				CC44955E8F0F26E44EC0E4A4 /* Pods */,
				01E5ABF1F03FD66B6C71963F /* Frameworks */,
			);
			sourceTree = "<group>";
		};
		DCBEACAC20DAA09A00B77962 /* Products */ = {
			isa = PBXGroup;
			children = (
				DCBEACAB20DAA09A00B77962 /* DoIt.app */,
			);
			name = Products;
			sourceTree = "<group>";
		};
		DCBEACAD20DAA09A00B77962 /* DoIt */ = {
			isa = PBXGroup;
			children = (
				DCBEACAE20DAA09A00B77962 /* AppDelegate.swift */,
				DC0E281020DE890B00DC3DD9 /* Controller */,
				DC0E281220DE891500DC3DD9 /* Model */,
				DC0E281120DE891200DC3DD9 /* View */,
				DCBEACBA20DAA09B00B77962 /* Info.plist */,
				DC0E281520DE89CC00DC3DD9 /* Supporting Files */,
			);
			path = DoIt;
			sourceTree = "<group>";
		};
/* End PBXGroup section */

/* Begin PBXNativeTarget section */
		DCBEACAA20DAA09A00B77962 /* DoIt */ = {
			isa = PBXNativeTarget;
			buildConfigurationList = DCBEACBD20DAA09B00B77962 /* Build configuration list for PBXNativeTarget "DoIt" */;
			buildPhases = (
				7AFFA2A9D55E9B876AEDD8BF /* [CP] Check Pods Manifest.lock */,
				DCBEACA720DAA09A00B77962 /* Sources */,
				DCBEACA820DAA09A00B77962 /* Frameworks */,
				DCBEACA920DAA09A00B77962 /* Resources */,
				CD97334E7316D00A269CEDA0 /* [CP] Embed Pods Frameworks */,
			);
			buildRules = (
			);
			dependencies = (
			);
			name = DoIt;
			productName = DoIt;
			productReference = DCBEACAB20DAA09A00B77962 /* DoIt.app */;
			productType = "com.apple.product-type.application";
		};
/* End PBXNativeTarget section */

/* Begin PBXProject section */
		DCBEACA320DAA09A00B77962 /* Project object */ = {
			isa = PBXProject;
			attributes = {
				LastSwiftUpdateCheck = 0940;
				LastUpgradeCheck = 0940;
				ORGANIZATIONNAME = Coder;
				TargetAttributes = {
					DCBEACAA20DAA09A00B77962 = {
						CreatedOnToolsVersion = 9.4;
					};
				};
			};
			buildConfigurationList = DCBEACA620DAA09A00B77962 /* Build configuration list for PBXProject "DoIt" */;
			compatibilityVersion = "Xcode 9.3";
			developmentRegion = en;
			hasScannedForEncodings = 0;
			knownRegions = (
				en,
				Base,
			);
			mainGroup = DCBEACA220DAA09A00B77962;
			productRefGroup = DCBEACAC20DAA09A00B77962 /* Products */;
			projectDirPath = "";
			projectRoot = "";
			targets = (
				DCBEACAA20DAA09A00B77962 /* DoIt */,
			);
		};
/* End PBXProject section */

/* Begin PBXResourcesBuildPhase section */
		DCBEACA920DAA09A00B77962 /* Resources */ = {
			isa = PBXResourcesBuildPhase;
			buildActionMask = 2147483647;
			files = (
				DCBEACB920DAA09B00B77962 /* LaunchScreen.storyboard in Resources */,
				DCBEACB620DAA09B00B77962 /* Assets.xcassets in Resources */,
				DCBEACB420DAA09A00B77962 /* Main.storyboard in Resources */,
			);
			runOnlyForDeploymentPostprocessing = 0;
		};
/* End PBXResourcesBuildPhase section */

/* Begin PBXShellScriptBuildPhase section */
		7AFFA2A9D55E9B876AEDD8BF /* [CP] Check Pods Manifest.lock */ = {
			isa = PBXShellScriptBuildPhase;
			buildActionMask = 2147483647;
			files = (
			);
			inputPaths = (
				"${PODS_PODFILE_DIR_PATH}/Podfile.lock",
				"${PODS_ROOT}/Manifest.lock",
			);
			name = "[CP] Check Pods Manifest.lock";
			outputPaths = (
				"$(DERIVED_FILE_DIR)/Pods-DoIt-checkManifestLockResult.txt",
			);
			runOnlyForDeploymentPostprocessing = 0;
			shellPath = /bin/sh;
			shellScript = "diff \"${PODS_PODFILE_DIR_PATH}/Podfile.lock\" \"${PODS_ROOT}/Manifest.lock\" > /dev/null\nif [ $? != 0 ] ; then\n    # print error to STDERR\n    echo \"error: The sandbox is not in sync with the Podfile.lock. Run 'pod install' or update your CocoaPods installation.\" >&2\n    exit 1\nfi\n# This output is used by Xcode 'outputs' to avoid re-running this script phase.\necho \"SUCCESS\" > \"${SCRIPT_OUTPUT_FILE_0}\"\n";
			showEnvVarsInLog = 0;
		};
		CD97334E7316D00A269CEDA0 /* [CP] Embed Pods Frameworks */ = {
			isa = PBXShellScriptBuildPhase;
			buildActionMask = 2147483647;
			files = (
			);
			inputPaths = (
				"${SRCROOT}/Pods/Target Support Files/Pods-DoIt/Pods-DoIt-frameworks.sh",
				"${BUILT_PRODUCTS_DIR}/Realm/Realm.framework",
				"${BUILT_PRODUCTS_DIR}/RealmSwift/RealmSwift.framework",
			);
			name = "[CP] Embed Pods Frameworks";
			outputPaths = (
				"${TARGET_BUILD_DIR}/${FRAMEWORKS_FOLDER_PATH}/Realm.framework",
				"${TARGET_BUILD_DIR}/${FRAMEWORKS_FOLDER_PATH}/RealmSwift.framework",
			);
			runOnlyForDeploymentPostprocessing = 0;
			shellPath = /bin/sh;
			shellScript = "\"${SRCROOT}/Pods/Target Support Files/Pods-DoIt/Pods-DoIt-frameworks.sh\"\n";
			showEnvVarsInLog = 0;
		};
/* End PBXShellScriptBuildPhase section */

/* Begin PBXSourcesBuildPhase section */
		DCBEACA720DAA09A00B77962 /* Sources */ = {
			isa = PBXSourcesBuildPhase;
			buildActionMask = 2147483647;
			files = (
				DCCB6E7E20EB95AB00E3EB9A /* Item.swift in Sources */,
				DC11F39720E2C45800D26DCB /* CategoryViewController.swift in Sources */,
				DCBEACB120DAA09A00B77962 /* ToDoListViewController.swift in Sources */,
				DCBEACAF20DAA09A00B77962 /* AppDelegate.swift in Sources */,
				DCBC33B520EB96650048B662 /* Category.swift in Sources */,
			);
			runOnlyForDeploymentPostprocessing = 0;
		};
/* End PBXSourcesBuildPhase section */

/* Begin PBXVariantGroup section */
		DCBEACB220DAA09A00B77962 /* Main.storyboard */ = {
			isa = PBXVariantGroup;
			children = (
				DCBEACB320DAA09A00B77962 /* Base */,
			);
			name = Main.storyboard;
			sourceTree = "<group>";
		};
		DCBEACB720DAA09B00B77962 /* LaunchScreen.storyboard */ = {
			isa = PBXVariantGroup;
			children = (
				DCBEACB820DAA09B00B77962 /* Base */,
			);
			name = LaunchScreen.storyboard;
			sourceTree = "<group>";
		};
/* End PBXVariantGroup section */

/* Begin XCBuildConfiguration section */
		DCBEACBB20DAA09B00B77962 /* Debug */ = {
			isa = XCBuildConfiguration;
			buildSettings = {
				ALWAYS_SEARCH_USER_PATHS = NO;
				CLANG_ANALYZER_NONNULL = YES;
				CLANG_ANALYZER_NUMBER_OBJECT_CONVERSION = YES_AGGRESSIVE;
				CLANG_CXX_LANGUAGE_STANDARD = "gnu++14";
				CLANG_CXX_LIBRARY = "libc++";
				CLANG_ENABLE_MODULES = YES;
				CLANG_ENABLE_OBJC_ARC = YES;
				CLANG_ENABLE_OBJC_WEAK = YES;
				CLANG_WARN_BLOCK_CAPTURE_AUTORELEASING = YES;
				CLANG_WARN_BOOL_CONVERSION = YES;
				CLANG_WARN_COMMA = YES;
				CLANG_WARN_CONSTANT_CONVERSION = YES;
				CLANG_WARN_DEPRECATED_OBJC_IMPLEMENTATIONS = YES;
				CLANG_WARN_DIRECT_OBJC_ISA_USAGE = YES_ERROR;
				CLANG_WARN_DOCUMENTATION_COMMENTS = YES;
				CLANG_WARN_EMPTY_BODY = YES;
				CLANG_WARN_ENUM_CONVERSION = YES;
				CLANG_WARN_INFINITE_RECURSION = YES;
				CLANG_WARN_INT_CONVERSION = YES;
				CLANG_WARN_NON_LITERAL_NULL_CONVERSION = YES;
				CLANG_WARN_OBJC_IMPLICIT_RETAIN_SELF = YES;
				CLANG_WARN_OBJC_LITERAL_CONVERSION = YES;
				CLANG_WARN_OBJC_ROOT_CLASS = YES_ERROR;
				CLANG_WARN_RANGE_LOOP_ANALYSIS = YES;
				CLANG_WARN_STRICT_PROTOTYPES = YES;
				CLANG_WARN_SUSPICIOUS_MOVE = YES;
				CLANG_WARN_UNGUARDED_AVAILABILITY = YES_AGGRESSIVE;
				CLANG_WARN_UNREACHABLE_CODE = YES;
				CLANG_WARN__DUPLICATE_METHOD_MATCH = YES;
				CODE_SIGN_IDENTITY = "iPhone Developer";
				COPY_PHASE_STRIP = NO;
				DEBUG_INFORMATION_FORMAT = dwarf;
				ENABLE_STRICT_OBJC_MSGSEND = YES;
				ENABLE_TESTABILITY = YES;
				GCC_C_LANGUAGE_STANDARD = gnu11;
				GCC_DYNAMIC_NO_PIC = NO;
				GCC_NO_COMMON_BLOCKS = YES;
				GCC_OPTIMIZATION_LEVEL = 0;
				GCC_PREPROCESSOR_DEFINITIONS = (
					"DEBUG=1",
					"$(inherited)",
				);
				GCC_WARN_64_TO_32_BIT_CONVERSION = YES;
				GCC_WARN_ABOUT_RETURN_TYPE = YES_ERROR;
				GCC_WARN_UNDECLARED_SELECTOR = YES;
				GCC_WARN_UNINITIALIZED_AUTOS = YES_AGGRESSIVE;
				GCC_WARN_UNUSED_FUNCTION = YES;
				GCC_WARN_UNUSED_VARIABLE = YES;
				IPHONEOS_DEPLOYMENT_TARGET = 11.4;
				MTL_ENABLE_DEBUG_INFO = YES;
				ONLY_ACTIVE_ARCH = YES;
				SDKROOT = iphoneos;
				SWIFT_ACTIVE_COMPILATION_CONDITIONS = DEBUG;
				SWIFT_OPTIMIZATION_LEVEL = "-Onone";
			};
			name = Debug;
		};
		DCBEACBC20DAA09B00B77962 /* Release */ = {
			isa = XCBuildConfiguration;
			buildSettings = {
				ALWAYS_SEARCH_USER_PATHS = NO;
				CLANG_ANALYZER_NONNULL = YES;
				CLANG_ANALYZER_NUMBER_OBJECT_CONVERSION = YES_AGGRESSIVE;
				CLANG_CXX_LANGUAGE_STANDARD = "gnu++14";
				CLANG_CXX_LIBRARY = "libc++";
				CLANG_ENABLE_MODULES = YES;
				CLANG_ENABLE_OBJC_ARC = YES;
				CLANG_ENABLE_OBJC_WEAK = YES;
				CLANG_WARN_BLOCK_CAPTURE_AUTORELEASING = YES;
				CLANG_WARN_BOOL_CONVERSION = YES;
				CLANG_WARN_COMMA = YES;
				CLANG_WARN_CONSTANT_CONVERSION = YES;
				CLANG_WARN_DEPRECATED_OBJC_IMPLEMENTATIONS = YES;
				CLANG_WARN_DIRECT_OBJC_ISA_USAGE = YES_ERROR;
				CLANG_WARN_DOCUMENTATION_COMMENTS = YES;
				CLANG_WARN_EMPTY_BODY = YES;
				CLANG_WARN_ENUM_CONVERSION = YES;
				CLANG_WARN_INFINITE_RECURSION = YES;
				CLANG_WARN_INT_CONVERSION = YES;
				CLANG_WARN_NON_LITERAL_NULL_CONVERSION = YES;
				CLANG_WARN_OBJC_IMPLICIT_RETAIN_SELF = YES;
				CLANG_WARN_OBJC_LITERAL_CONVERSION = YES;
				CLANG_WARN_OBJC_ROOT_CLASS = YES_ERROR;
				CLANG_WARN_RANGE_LOOP_ANALYSIS = YES;
				CLANG_WARN_STRICT_PROTOTYPES = YES;
				CLANG_WARN_SUSPICIOUS_MOVE = YES;
				CLANG_WARN_UNGUARDED_AVAILABILITY = YES_AGGRESSIVE;
				CLANG_WARN_UNREACHABLE_CODE = YES;
				CLANG_WARN__DUPLICATE_METHOD_MATCH = YES;
				CODE_SIGN_IDENTITY = "iPhone Developer";
				COPY_PHASE_STRIP = NO;
				DEBUG_INFORMATION_FORMAT = "dwarf-with-dsym";
				ENABLE_NS_ASSERTIONS = NO;
				ENABLE_STRICT_OBJC_MSGSEND = YES;
				GCC_C_LANGUAGE_STANDARD = gnu11;
				GCC_NO_COMMON_BLOCKS = YES;
				GCC_WARN_64_TO_32_BIT_CONVERSION = YES;
				GCC_WARN_ABOUT_RETURN_TYPE = YES_ERROR;
				GCC_WARN_UNDECLARED_SELECTOR = YES;
				GCC_WARN_UNINITIALIZED_AUTOS = YES_AGGRESSIVE;
				GCC_WARN_UNUSED_FUNCTION = YES;
				GCC_WARN_UNUSED_VARIABLE = YES;
				IPHONEOS_DEPLOYMENT_TARGET = 11.4;
				MTL_ENABLE_DEBUG_INFO = NO;
				SDKROOT = iphoneos;
				SWIFT_COMPILATION_MODE = wholemodule;
				SWIFT_OPTIMIZATION_LEVEL = "-O";
				VALIDATE_PRODUCT = YES;
			};
			name = Release;
		};
		DCBEACBE20DAA09B00B77962 /* Debug */ = {
			isa = XCBuildConfiguration;
			baseConfigurationReference = CA09C27C4AFE6DA579721F8E /* Pods-DoIt.debug.xcconfig */;
			buildSettings = {
				ASSETCATALOG_COMPILER_APPICON_NAME = AppIcon;
				CODE_SIGN_STYLE = Automatic;
				DEVELOPMENT_TEAM = CUD8RGQ4G5;
				INFOPLIST_FILE = DoIt/Info.plist;
				LD_RUNPATH_SEARCH_PATHS = (
					"$(inherited)",
					"@executable_path/Frameworks",
				);
				PRODUCT_BUNDLE_IDENTIFIER = com.Stypanovych.DoIt;
				PRODUCT_NAME = "$(TARGET_NAME)";
				SWIFT_VERSION = 4.0;
				TARGETED_DEVICE_FAMILY = "1,2";
			};
			name = Debug;
		};
		DCBEACBF20DAA09B00B77962 /* Release */ = {
			isa = XCBuildConfiguration;
			baseConfigurationReference = EE1E6A8A2A6EFD82AC3C77EE /* Pods-DoIt.release.xcconfig */;
			buildSettings = {
				ASSETCATALOG_COMPILER_APPICON_NAME = AppIcon;
				CODE_SIGN_STYLE = Automatic;
				DEVELOPMENT_TEAM = CUD8RGQ4G5;
				INFOPLIST_FILE = DoIt/Info.plist;
				LD_RUNPATH_SEARCH_PATHS = (
					"$(inherited)",
					"@executable_path/Frameworks",
				);
				PRODUCT_BUNDLE_IDENTIFIER = com.Stypanovych.DoIt;
				PRODUCT_NAME = "$(TARGET_NAME)";
				SWIFT_VERSION = 4.0;
				TARGETED_DEVICE_FAMILY = "1,2";
			};
			name = Release;
		};
/* End XCBuildConfiguration section */

/* Begin XCConfigurationList section */
		DCBEACA620DAA09A00B77962 /* Build configuration list for PBXProject "DoIt" */ = {
			isa = XCConfigurationList;
			buildConfigurations = (
				DCBEACBB20DAA09B00B77962 /* Debug */,
				DCBEACBC20DAA09B00B77962 /* Release */,
			);
			defaultConfigurationIsVisible = 0;
			defaultConfigurationName = Release;
		};
		DCBEACBD20DAA09B00B77962 /* Build configuration list for PBXNativeTarget "DoIt" */ = {
			isa = XCConfigurationList;
			buildConfigurations = (
				DCBEACBE20DAA09B00B77962 /* Debug */,
				DCBEACBF20DAA09B00B77962 /* Release */,
			);
			defaultConfigurationIsVisible = 0;
			defaultConfigurationName = Release;
		};
/* End XCConfigurationList section */
	};
	rootObject = DCBEACA320DAA09A00B77962 /* Project object */;
}
